{
  "name": "laba4",
  "lockfileVersion": 3,
  "requires": true,
  "packages": {
    "": {
      "dependencies": {
        "@angular/animations": "^17.0.8",
        "localstorage-polyfill": "^1.0.1",
        "ngx-toastr": "^18.0.0",
        "primeicons": "^6.0.1",
        "primeng": "^17.3.3"
      }
    },
    "node_modules/@angular/animations": {
      "version": "17.0.8",
      "resolved": "https://registry.npmjs.org/@angular/animations/-/animations-17.0.8.tgz",
      "integrity": "sha512-iKJ2s4ZqVoGS9tSRBuuwYEWTV+Rw6b4zDY1rqiXvbZrpNRxfzYr6s+aYsLQQEindZ4hzxgp9j60FJ8aE/g4w6A==",
      "dependencies": {
        "tslib": "^2.3.0"
      },
      "engines": {
        "node": "^18.13.0 || >=20.9.0"
      },
      "peerDependencies": {
        "@angular/core": "17.0.8"
      }
    },
    "node_modules/@angular/common": {
      "version": "17.0.8",
      "resolved": "https://registry.npmjs.org/@angular/common/-/common-17.0.8.tgz",
      "integrity": "sha512-fFfwtdg7H+OkqnvV/ENu8F8KGfgIiH16DDbQqYY5KQyyQB+SMsoVW29F1fGx6Y30s7ZlsLOy6cHhgrw74itkSw==",
      "peer": true,
      "dependencies": {
        "tslib": "^2.3.0"
      },
      "engines": {
        "node": "^18.13.0 || >=20.9.0"
      },
      "peerDependencies": {
        "@angular/core": "17.0.8",
        "rxjs": "^6.5.3 || ^7.4.0"
      }
    },
    "node_modules/@angular/core": {
      "version": "17.0.8",
      "resolved": "https://registry.npmjs.org/@angular/core/-/core-17.0.8.tgz",
      "integrity": "sha512-tzYsK24LdkNuKNJK6efF4XOqspvF/qOe9j/n1Y61a6mNvFwsJFGbcmdZMby4hI/YRm6oIDoIIFjSep8ycp6Pbw==",
      "peer": true,
      "dependencies": {
        "tslib": "^2.3.0"
      },
      "engines": {
        "node": "^18.13.0 || >=20.9.0"
      },
      "peerDependencies": {
        "rxjs": "^6.5.3 || ^7.4.0",
        "zone.js": "~0.14.0"
      }
    },
    "node_modules/@angular/forms": {
      "version": "17.0.8",
      "resolved": "https://registry.npmjs.org/@angular/forms/-/forms-17.0.8.tgz",
      "integrity": "sha512-WZBHbMQjaSovAzOMhKqZN+m7eUPGfOzh9rKFKvj6UQLIJ9qSpEpqlvL0omU1z/47s3XXeLiBzomMiRfQISJvvw==",
      "peer": true,
      "dependencies": {
        "tslib": "^2.3.0"
      },
      "engines": {
        "node": "^18.13.0 || >=20.9.0"
      },
      "peerDependencies": {
        "@angular/common": "17.0.8",
        "@angular/core": "17.0.8",
        "@angular/platform-browser": "17.0.8",
        "rxjs": "^6.5.3 || ^7.4.0"
      }
    },
    "node_modules/@angular/platform-browser": {
      "version": "17.0.8",
      "resolved": "https://registry.npmjs.org/@angular/platform-browser/-/platform-browser-17.0.8.tgz",
      "integrity": "sha512-XaI+p2AxQaIHzR761lhPUf4OcOp46WDW0IfbvOzaezHE+8r81joZyVSDQPgXSa/aRfI58YhcfUavuGqyU3PphA==",
      "peer": true,
      "dependencies": {
        "tslib": "^2.3.0"
      },
      "engines": {
        "node": "^18.13.0 || >=20.9.0"
      },
      "peerDependencies": {
        "@angular/animations": "17.0.8",
        "@angular/common": "17.0.8",
        "@angular/core": "17.0.8"
      },
      "peerDependenciesMeta": {
        "@angular/animations": {
          "optional": true
        }
      }
    },
    "node_modules/localstorage-polyfill": {
      "version": "1.0.1",
      "resolved": "https://registry.npmjs.org/localstorage-polyfill/-/localstorage-polyfill-1.0.1.tgz",
      "integrity": "sha512-m4iHVZxFH5734oQcPKU08025gIz2+4bjWR9lulP8ZYxEJR0BpA0w32oJmkzh8y3UI9ci7xCBehQDc3oA1X+VHw==",
      "engines": {
        "node": ">=6"
      }
    },
    "node_modules/ngx-toastr": {
      "version": "18.0.0",
      "resolved": "https://registry.npmjs.org/ngx-toastr/-/ngx-toastr-18.0.0.tgz",
      "integrity": "sha512-jZ3rOG6kygl8ittY8OltIMSo47P1VStuS01igm3MZXK6InJwHVvxU7wDHI/HGMlXSyNvWncyOuFHnnMEAifsew==",
      "dependencies": {
        "tslib": "^2.3.0"
      },
      "peerDependencies": {
        "@angular/common": ">=16.0.0-0",
        "@angular/core": ">=16.0.0-0",
        "@angular/platform-browser": ">=16.0.0-0"
      }
    },
    "node_modules/primeicons": {
      "version": "6.0.1",
      "resolved": "https://registry.npmjs.org/primeicons/-/primeicons-6.0.1.tgz",
      "integrity": "sha512-KDeO94CbWI4pKsPnYpA1FPjo79EsY9I+M8ywoPBSf9XMXoe/0crjbUK7jcQEDHuc0ZMRIZsxH3TYLv4TUtHmAA=="
    },
    "node_modules/primeng": {
      "version": "17.3.3",
      "resolved": "https://registry.npmjs.org/primeng/-/primeng-17.3.3.tgz",
      "integrity": "sha512-Bdm8BGMAwz51mppbB6tt+kVliVR6h8G3uOVXLFwzMQLMGEQezefnT0ywmWuJEicpS8Se7PRqP7U3hzLW+pi3EQ==",
      "dependencies": {
        "tslib": "^2.3.0"
      },
      "peerDependencies": {
        "@angular/common": "^17.0.0",
        "@angular/core": "^17.0.0",
        "@angular/forms": "^17.0.0",
        "rxjs": "^6.0.0 || ^7.8.1",
        "zone.js": "~0.14.0"
      }
    },
    "node_modules/rxjs": {
      "version": "7.8.1",
      "resolved": "https://registry.npmjs.org/rxjs/-/rxjs-7.8.1.tgz",
      "integrity": "sha512-AA3TVj+0A2iuIoQkWEK/tqFjBq2j+6PO6Y0zJcvzLAFhEFIO3HL0vls9hWLncZbAAbK0mar7oZ4V079I/qPMxg==",
      "peer": true,
      "dependencies": {
        "tslib": "^2.1.0"
      }
    },
    "node_modules/tslib": {
      "version": "2.6.2",
      "resolved": "https://registry.npmjs.org/tslib/-/tslib-2.6.2.tgz",
      "integrity": "sha512-AEYxH93jGFPn/a2iVAwW87VuUIkR1FVUKB77NwMF7nBTDkDrrT/Hpt/IrCJ0QXhW27jTBDcf5ZY7w6RiqTMw2Q=="
    },
    "node_modules/zone.js": {
      "version": "0.14.2",
      "resolved": "https://registry.npmjs.org/zone.js/-/zone.js-0.14.2.tgz",
      "integrity": "sha512-X4U7J1isDhoOmHmFWiLhloWc2lzMkdnumtfQ1LXzf/IOZp5NQYuMUTaviVzG/q1ugMBIXzin2AqeVJUoSEkNyQ==",
      "peer": true,
      "dependencies": {
        "tslib": "^2.3.0"
      }
    }
  }
}
